<?xml version="1.0" encoding="utf-8"?>
<Project ToolsVersion="4.0" xmlns="http://schemas.microsoft.com/developer/msbuild/2003">
  <ItemGroup>
    <Filter Include="Source Files">
      <UniqueIdentifier>{4FC737F1-C7A5-4376-A066-2A32D752A2FF}</UniqueIdentifier>
      <Extensions>cpp;c;cc;cxx;def;odl;idl;hpj;bat;asm;asmx</Extensions>
    </Filter>
    <Filter Include="Header Files">
      <UniqueIdentifier>{93995380-89BD-4b04-88EB-625FBE52EBFB}</UniqueIdentifier>
      <Extensions>h;hh;hpp;hxx;hm;inl;inc;ipp;xsd</Extensions>
    </Filter>
    <Filter Include="Resource Files">
      <UniqueIdentifier>{67DA6AB6-F800-4c08-8B7A-83BB121AAD01}</UniqueIdentifier>
      <Extensions>rc;ico;cur;bmp;dlg;rc2;rct;bin;rgs;gif;jpg;jpeg;jpe;resx;tiff;tif;png;wav;mfcribbon-ms</Extensions>
    </Filter>
  </ItemGroup>
  <ItemGroup>
    <ClCompile Include="main.cpp">
      <Filter>Source Files</Filter>
    </ClCompile>
    <ClCompile Include="ShaderProgram.cpp">
      <Filter>Source Files</Filter>
    </ClCompile>
    <ClCompile Include="Entity.cpp">
      <Filter>Source Files</Filter>
    </ClCompile>
    <ClCompile Include="Mesh.cpp">
      <Filter>Source Files</Filter>
    </ClCompile>
    <ClCompile Include="Util.cpp">
      <Filter>Source Files</Filter>
    </ClCompile>
    <ClCompile Include="Level1.cpp">
      <Filter>Source Files</Filter>
    </ClCompile>
    <ClCompile Include="Level2.cpp">
      <Filter>Source Files</Filter>
    </ClCompile>
    <ClCompile Include="Scene.cpp">
      <Filter>Source Files</Filter>
    </ClCompile>
    <ClCompile Include="MainMenu.cpp">
      <Filter>Source Files</Filter>
    </ClCompile>
    <ClCompile Include="Intro.cpp">
      <Filter>Source Files</Filter>
    </ClCompile>
    <ClCompile Include="Victory.cpp">
      <Filter>Source Files</Filter>
    </ClCompile>
    <ClCompile Include="Defeat.cpp">
      <Filter>Source Files</Filter>
    </ClCompile>
  </ItemGroup>
  <ItemGroup>
    <ClInclude Include="ShaderProgram.h">
      <Filter>Header Files</Filter>
    </ClInclude>
    <ClInclude Include="Entity.h">
      <Filter>Header Files</Filter>
    </ClInclude>
    <ClInclude Include="Mesh.h">
      <Filter>Header Files</Filter>
    </ClInclude>
    <ClInclude Include="Util.h">
      <Filter>Header Files</Filter>
    </ClInclude>
    <ClInclude Include="Level1.h">
      <Filter>Header Files</Filter>
    </ClInclude>
    <ClInclude Include="Level2.h">
      <Filter>Header Files</Filter>
    </ClInclude>
    <ClInclude Include="Scene.h">
      <Filter>Header Files</Filter>
    </ClInclude>
    <ClInclude Include="MainMenu.h">
      <Filter>Header Files</Filter>
    </ClInclude>
    <ClInclude Include="Intro.h">
      <Filter>Header Files</Filter>
    </ClInclude>
    <ClInclude Include="Victory.h">
      <Filter>Header Files</Filter>
    </ClInclude>
    <ClInclude Include="Defeat.h">
      <Filter>Header Files</Filter>
    </ClInclude>
  </ItemGroup>
  <ItemGroup>
    <CopyFileToFolders Include="glew32.dll" />
    <CopyFileToFolders Include="SDL2.dll" />
  </ItemGroup>
  <ItemGroup>
    <Image Include="crate1_diffuse.png">
      <Filter>Resource Files</Filter>
    </Image>
    <Image Include="ctg.png">
      <Filter>Resource Files</Filter>
    </Image>
    <Image Include="floor_01.png">
      <Filter>Resource Files</Filter>
    </Image>
    <Image Include="font1.png">
      <Filter>Resource Files</Filter>
    </Image>
    <Image Include="forest.png">
      <Filter>Resource Files</Filter>
    </Image>
    <Image Include="hand.png">
      <Filter>Resource Files</Filter>
    </Image>
    <Image Include="honey.png">
      <Filter>Resource Files</Filter>
    </Image>
    <Image Include="mario_body.png">
      <Filter>Resource Files</Filter>
    </Image>
    <Image Include="pikachu.png">
      <Filter>Resource Files</Filter>
    </Image>
    <Image Include="wall.png">
      <Filter>Resource Files</Filter>
    </Image>
    <Image Include="skull.gif">
      <Filter>Resource Files</Filter>
    </Image>
    <Image Include="floor.JPG">
      <Filter>Resource Files</Filter>
    </Image>
  </ItemGroup>
  <ItemGroup>
    <Media Include="Ethernight_Club.mp3">
      <Filter>Resource Files</Filter>
    </Media>
    <Media Include="Rising_Tide.mp3">
      <Filter>Resource Files</Filter>
    </Media>
    <Media Include="Nonstop.mp3">
      <Filter>Resource Files</Filter>
    </Media>
    <Media Include="honey.wav">
      <Filter>Resource Files</Filter>
    </Media>
  </ItemGroup>
</Project>